
Microsoft Visual Studio Solution File, Format Version 12.00
# Visual Studio Version 16
VisualStudioVersion = 16.0.30907.101
MinimumVisualStudioVersion = 10.0.40219.1
Project("{FAE04EC0-301F-11D3-BF4B-00C04F79EFBC}") = "Notorious Installer", "Notorious Installer\Notorious Installer.csproj", "{4998A709-F158-4CEF-968D-554ED9874B17}"
EndProject
Global
	GlobalSection(SolutionConfigurationPlatforms) = preSolution
		Debug|Any CPU = Debug|Any CPU
		Release|Any CPU = Release|Any CPU
	EndGlobalSection
	GlobalSection(ProjectConfigurationPlatforms) = postSolution
		{4998A709-F158-4CEF-968D-554ED9874B17}.Debug|Any CPU.ActiveCfg = Debug|Any CPU
		{4998A709-F158-4CEF-968D-554ED9874B17}.Debug|Any CPU.Build.0 = Debug|Any CPU
		{4998A709-F158-4CEF-968D-554ED9874B17}.Release|Any CPU.ActiveCfg = Release|Any CPU
		{4998A709-F158-4CEF-968D-554ED9874B17}.Release|Any CPU.Build.0 = Release|Any CPU
	EndGlobalSection
	GlobalSection(SolutionProperties) = preSolution
		HideSolutionNode = FALSE
	EndGlobalSection
	GlobalSection(ExtensibilityGlobals) = postSolution
		SolutionGuid = {7F08CCD3-064D-41C7-ACD6-1FB3342C00A8}
	EndGlobalSection
EndGlobal
